uuid: 183ed4ff-5fe0-4fa1-bf00-a847c061dcf1
langcode: en
status: true
dependencies:
  config:
    - block_content.type.slideshow
    - field.storage.block_content.field_block
  module:
    - entity_reference
id: block_content.slideshow.field_block
field_name: field_block
entity_type: block_content
bundle: slideshow
label: Block
description: ''
required: false
translatable: true
default_value: {  }
default_value_callback: ''
settings:
  handler: 'default:block_content'
  handler_settings:
    target_bundles:
      basic: basic
      content: content
      hero: hero
      map: map
      media: media
    sort:
      field: _none
field_type: entity_reference
