uuid: 9b518d17-d505-4fdf-be00-ff8e770131f2
langcode: en
status: true
dependencies:
  config:
    - block_content.type.basic
    - block_content.type.content
    - block_content.type.hero
    - block_content.type.map
    - block_content.type.media
    - field.storage.block_content.field_nested_block
id: block_content.hero.field_nested_block
field_name: field_nested_block
entity_type: block_content
bundle: hero
label: 'Nested Block'
description: 'This Block will be displayed inside your Hero.'
required: false
translatable: false
default_value: {  }
default_value_callback: ''
settings:
  handler: 'default:block_content'
  handler_settings:
    target_bundles:
      basic: basic
      content: content
      hero: hero
      map: map
      media: media
      slideshow: slideshow
    sort:
      field: _none
field_type: entity_reference
